
Microsoft Visual Studio Solution File, Format Version 12.00
# Visual Studio Version 17
VisualStudioVersion = 17.6.33829.357
MinimumVisualStudioVersion = 10.0.40219.1
Project("{FAE04EC0-301F-11D3-BF4B-00C04F79EFBC}") = "bomberwii", "bomberwii.csproj", "{EDCB6ACE-6C86-4F00-876C-7081B8EE4B14}"
EndProject
Global
	GlobalSection(SolutionConfigurationPlatforms) = preSolution
		Debug|Any CPU = Debug|Any CPU
		Release|Any CPU = Release|Any CPU
	EndGlobalSection
	GlobalSection(ProjectConfigurationPlatforms) = postSolution
		{EDCB6ACE-6C86-4F00-876C-7081B8EE4B14}.Debug|Any CPU.ActiveCfg = Debug|Any CPU
		{EDCB6ACE-6C86-4F00-876C-7081B8EE4B14}.Debug|Any CPU.Build.0 = Debug|Any CPU
		{EDCB6ACE-6C86-4F00-876C-7081B8EE4B14}.Release|Any CPU.ActiveCfg = Release|Any CPU
		{EDCB6ACE-6C86-4F00-876C-7081B8EE4B14}.Release|Any CPU.Build.0 = Release|Any CPU
	EndGlobalSection
	GlobalSection(SolutionProperties) = preSolution
		HideSolutionNode = FALSE
	EndGlobalSection
	GlobalSection(ExtensibilityGlobals) = postSolution
		SolutionGuid = {5136F07A-42AB-4FD1-A067-0D3602185846}
	EndGlobalSection
EndGlobal
